
Microsoft Visual Studio Solution File, Format Version 12.00
# Visual Studio Version 17
VisualStudioVersion = 17.3.32819.101
MinimumVisualStudioVersion = 10.0.40219.1
Project("{9A19103F-16F7-4668-BE54-9A1E7A4F7556}") = "TodoTasksServer", "TodoTasksServer.csproj", "{E2825460-6CAD-4018-9986-58C292021523}"
EndProject
Project("{9A19103F-16F7-4668-BE54-9A1E7A4F7556}") = "TodoTasksServer_Test", "..\TodoTasksServer_Test\TodoTasksServer_Test.csproj", "{A6E11970-B71C-400B-8094-D6C6599910AF}"
EndProject
Project("{2150E333-8FDC-42A3-9474-1A3956D46DE8}") = "Solution Items", "Solution Items", "{A61041B2-C017-4E98-BF18-DB262AA73961}"
	ProjectSection(SolutionItems) = preProject
		.editorconfig = .editorconfig
	EndProjectSection
EndProject
Global
	GlobalSection(SolutionConfigurationPlatforms) = preSolution
		Debug|Any CPU = Debug|Any CPU
		Release|Any CPU = Release|Any CPU
	EndGlobalSection
	GlobalSection(ProjectConfigurationPlatforms) = postSolution
		{E2825460-6CAD-4018-9986-58C292021523}.Debug|Any CPU.ActiveCfg = Debug|Any CPU
		{E2825460-6CAD-4018-9986-58C292021523}.Debug|Any CPU.Build.0 = Debug|Any CPU
		{E2825460-6CAD-4018-9986-58C292021523}.Release|Any CPU.ActiveCfg = Release|Any CPU
		{E2825460-6CAD-4018-9986-58C292021523}.Release|Any CPU.Build.0 = Release|Any CPU
		{A6E11970-B71C-400B-8094-D6C6599910AF}.Debug|Any CPU.ActiveCfg = Debug|Any CPU
		{A6E11970-B71C-400B-8094-D6C6599910AF}.Debug|Any CPU.Build.0 = Debug|Any CPU
		{A6E11970-B71C-400B-8094-D6C6599910AF}.Release|Any CPU.ActiveCfg = Release|Any CPU
		{A6E11970-B71C-400B-8094-D6C6599910AF}.Release|Any CPU.Build.0 = Release|Any CPU
	EndGlobalSection
	GlobalSection(SolutionProperties) = preSolution
		HideSolutionNode = FALSE
	EndGlobalSection
	GlobalSection(ExtensibilityGlobals) = postSolution
		SolutionGuid = {FC6BE468-C391-4C98-BDAD-41BAA8019F2B}
	EndGlobalSection
EndGlobal
